// !$*UTF8*$!
{
	archiveVersion = 1;
	classes = {
	};
	objectVersion = 51;
	objects = {

/* Begin PBXBuildFile section */
		56072DDA52D425319741DFCF /* Pods_weibo_oc.framework in Frameworks */ = {isa = PBXBuildFile; fileRef = D913ED6AAAB54DC6683E43C2 /* Pods_weibo_oc.framework */; };
		66547CF324B02F28002CD068 /* UILabel+Convenience.m in Sources */ = {isa = PBXBuildFile; fileRef = 66547CF224B02F28002CD068 /* UILabel+Convenience.m */; };
		66547CF624B030E3002CD068 /* UIImageView+Convenience.m in Sources */ = {isa = PBXBuildFile; fileRef = 66547CF524B030E3002CD068 /* UIImageView+Convenience.m */; };
		6696AF4F24B04F3400163399 /* NetworkTools.m in Sources */ = {isa = PBXBuildFile; fileRef = 6696AF4E24B04F3400163399 /* NetworkTools.m */; };
		6696AF5224B088F800163399 /* OAuthViewController.m in Sources */ = {isa = PBXBuildFile; fileRef = 6696AF5124B088F800163399 /* OAuthViewController.m */; };
		68FA5C7824B161A2003C9E9E /* UserAccountViewModel.m in Sources */ = {isa = PBXBuildFile; fileRef = 68FA5C7724B161A2003C9E9E /* UserAccountViewModel.m */; };
		68FA5C7B24B16444003C9E9E /* UserAccount.m in Sources */ = {isa = PBXBuildFile; fileRef = 68FA5C7A24B16444003C9E9E /* UserAccount.m */; };
		68FA5CD724B74AEE003C9E9E /* NewFeatureViewController.m in Sources */ = {isa = PBXBuildFile; fileRef = 68FA5CD624B74AEE003C9E9E /* NewFeatureViewController.m */; };
		68FA5CDA24B7CCF1003C9E9E /* WelcomeViewController.m in Sources */ = {isa = PBXBuildFile; fileRef = 68FA5CD924B7CCF1003C9E9E /* WelcomeViewController.m */; };
		68FA5CDD24BAAA29003C9E9E /* Status.m in Sources */ = {isa = PBXBuildFile; fileRef = 68FA5CDC24BAAA29003C9E9E /* Status.m */; };
		68FA5CE024BAB850003C9E9E /* StatusListViewModel.m in Sources */ = {isa = PBXBuildFile; fileRef = 68FA5CDF24BAB850003C9E9E /* StatusListViewModel.m */; };
		68FA5CE324BAC6CC003C9E9E /* User.m in Sources */ = {isa = PBXBuildFile; fileRef = 68FA5CE224BAC6CC003C9E9E /* User.m */; };
		68FA5CE624BACBD6003C9E9E /* StatusWeiboViewModel.m in Sources */ = {isa = PBXBuildFile; fileRef = 68FA5CE524BACBD6003C9E9E /* StatusWeiboViewModel.m */; };
		68FA5CEA24BAD043003C9E9E /* StatusCell.m in Sources */ = {isa = PBXBuildFile; fileRef = 68FA5CE924BAD043003C9E9E /* StatusCell.m */; };
		68FA5CED24BAD077003C9E9E /* StatusCellTopView.m in Sources */ = {isa = PBXBuildFile; fileRef = 68FA5CEC24BAD077003C9E9E /* StatusCellTopView.m */; };
		68FA5CF024BAD093003C9E9E /* StatusCellBottomView.m in Sources */ = {isa = PBXBuildFile; fileRef = 68FA5CEF24BAD093003C9E9E /* StatusCellBottomView.m */; };
		68FFBB9E24AD2E00004F1A75 /* AppDelegate.m in Sources */ = {isa = PBXBuildFile; fileRef = 68FFBB9D24AD2E00004F1A75 /* AppDelegate.m */; };
		68FFBBA124AD2E00004F1A75 /* SceneDelegate.m in Sources */ = {isa = PBXBuildFile; fileRef = 68FFBBA024AD2E00004F1A75 /* SceneDelegate.m */; };
		68FFBBA924AD2E04004F1A75 /* Assets.xcassets in Resources */ = {isa = PBXBuildFile; fileRef = 68FFBBA824AD2E04004F1A75 /* Assets.xcassets */; };
		68FFBBAC24AD2E04004F1A75 /* LaunchScreen.storyboard in Resources */ = {isa = PBXBuildFile; fileRef = 68FFBBAA24AD2E04004F1A75 /* LaunchScreen.storyboard */; };
		68FFBBAF24AD2E04004F1A75 /* main.m in Sources */ = {isa = PBXBuildFile; fileRef = 68FFBBAE24AD2E04004F1A75 /* main.m */; };
		68FFBBC324AD4A6B004F1A75 /* MainViewController.m in Sources */ = {isa = PBXBuildFile; fileRef = 68FFBBC224AD4A6B004F1A75 /* MainViewController.m */; };
		68FFBBC624AD4A8C004F1A75 /* ProfileTableViewController.m in Sources */ = {isa = PBXBuildFile; fileRef = 68FFBBC524AD4A8C004F1A75 /* ProfileTableViewController.m */; };
		68FFBBC924AD4ABC004F1A75 /* MessageTableViewController.m in Sources */ = {isa = PBXBuildFile; fileRef = 68FFBBC824AD4ABC004F1A75 /* MessageTableViewController.m */; };
		68FFBBCC24AD4ACF004F1A75 /* DiscoveryTableViewController.m in Sources */ = {isa = PBXBuildFile; fileRef = 68FFBBCB24AD4ACF004F1A75 /* DiscoveryTableViewController.m */; };
		68FFBBCF24AD4ADE004F1A75 /* HomeTableViewController.m in Sources */ = {isa = PBXBuildFile; fileRef = 68FFBBCE24AD4ADE004F1A75 /* HomeTableViewController.m */; };
		68FFBBD524AD4AFE004F1A75 /* ComposeTableViewController.m in Sources */ = {isa = PBXBuildFile; fileRef = 68FFBBD424AD4AFE004F1A75 /* ComposeTableViewController.m */; };
		68FFBBDC24AE8E9B004F1A75 /* UIButton+Convenience.m in Sources */ = {isa = PBXBuildFile; fileRef = 68FFBBDB24AE8E9B004F1A75 /* UIButton+Convenience.m */; };
		68FFBBE024AE996D004F1A75 /* VisitorTableViewController.m in Sources */ = {isa = PBXBuildFile; fileRef = 68FFBBDF24AE996D004F1A75 /* VisitorTableViewController.m */; };
		68FFBBE324AE9D74004F1A75 /* VisitorView.m in Sources */ = {isa = PBXBuildFile; fileRef = 68FFBBE224AE9D74004F1A75 /* VisitorView.m */; };
/* End PBXBuildFile section */

/* Begin PBXFileReference section */
		1FA0AC40A24629F13E227270 /* Pods-weibo-oc.debug.xcconfig */ = {isa = PBXFileReference; includeInIndex = 1; lastKnownFileType = text.xcconfig; name = "Pods-weibo-oc.debug.xcconfig"; path = "Target Support Files/Pods-weibo-oc/Pods-weibo-oc.debug.xcconfig"; sourceTree = "<group>"; };
		2976E380D3E46BBE274AEFB7 /* Pods-weibo-oc.release.xcconfig */ = {isa = PBXFileReference; includeInIndex = 1; lastKnownFileType = text.xcconfig; name = "Pods-weibo-oc.release.xcconfig"; path = "Target Support Files/Pods-weibo-oc/Pods-weibo-oc.release.xcconfig"; sourceTree = "<group>"; };
		66547CF124B02F28002CD068 /* UILabel+Convenience.h */ = {isa = PBXFileReference; lastKnownFileType = sourcecode.c.h; path = "UILabel+Convenience.h"; sourceTree = "<group>"; };
		66547CF224B02F28002CD068 /* UILabel+Convenience.m */ = {isa = PBXFileReference; lastKnownFileType = sourcecode.c.objc; path = "UILabel+Convenience.m"; sourceTree = "<group>"; };
		66547CF424B030E3002CD068 /* UIImageView+Convenience.h */ = {isa = PBXFileReference; lastKnownFileType = sourcecode.c.h; path = "UIImageView+Convenience.h"; sourceTree = "<group>"; };
		66547CF524B030E3002CD068 /* UIImageView+Convenience.m */ = {isa = PBXFileReference; lastKnownFileType = sourcecode.c.objc; path = "UIImageView+Convenience.m"; sourceTree = "<group>"; };
		66547CF724B03C16002CD068 /* Common.pch */ = {isa = PBXFileReference; lastKnownFileType = sourcecode.c.h; path = Common.pch; sourceTree = "<group>"; };
		6696AF4D24B04F3400163399 /* NetworkTools.h */ = {isa = PBXFileReference; lastKnownFileType = sourcecode.c.h; path = NetworkTools.h; sourceTree = "<group>"; };
		6696AF4E24B04F3400163399 /* NetworkTools.m */ = {isa = PBXFileReference; lastKnownFileType = sourcecode.c.objc; path = NetworkTools.m; sourceTree = "<group>"; };
		6696AF5024B088F800163399 /* OAuthViewController.h */ = {isa = PBXFileReference; lastKnownFileType = sourcecode.c.h; path = OAuthViewController.h; sourceTree = "<group>"; };
		6696AF5124B088F800163399 /* OAuthViewController.m */ = {isa = PBXFileReference; lastKnownFileType = sourcecode.c.objc; path = OAuthViewController.m; sourceTree = "<group>"; };
		68FA5C7624B161A2003C9E9E /* UserAccountViewModel.h */ = {isa = PBXFileReference; lastKnownFileType = sourcecode.c.h; path = UserAccountViewModel.h; sourceTree = "<group>"; };
		68FA5C7724B161A2003C9E9E /* UserAccountViewModel.m */ = {isa = PBXFileReference; lastKnownFileType = sourcecode.c.objc; path = UserAccountViewModel.m; sourceTree = "<group>"; };
		68FA5C7924B16444003C9E9E /* UserAccount.h */ = {isa = PBXFileReference; lastKnownFileType = sourcecode.c.h; path = UserAccount.h; sourceTree = "<group>"; };
		68FA5C7A24B16444003C9E9E /* UserAccount.m */ = {isa = PBXFileReference; lastKnownFileType = sourcecode.c.objc; path = UserAccount.m; sourceTree = "<group>"; };
		68FA5CD524B74AEE003C9E9E /* NewFeatureViewController.h */ = {isa = PBXFileReference; lastKnownFileType = sourcecode.c.h; path = NewFeatureViewController.h; sourceTree = "<group>"; };
		68FA5CD624B74AEE003C9E9E /* NewFeatureViewController.m */ = {isa = PBXFileReference; lastKnownFileType = sourcecode.c.objc; path = NewFeatureViewController.m; sourceTree = "<group>"; };
		68FA5CD824B7CCF1003C9E9E /* WelcomeViewController.h */ = {isa = PBXFileReference; lastKnownFileType = sourcecode.c.h; path = WelcomeViewController.h; sourceTree = "<group>"; };
		68FA5CD924B7CCF1003C9E9E /* WelcomeViewController.m */ = {isa = PBXFileReference; lastKnownFileType = sourcecode.c.objc; path = WelcomeViewController.m; sourceTree = "<group>"; };
		68FA5CDB24BAAA29003C9E9E /* Status.h */ = {isa = PBXFileReference; lastKnownFileType = sourcecode.c.h; path = Status.h; sourceTree = "<group>"; };
		68FA5CDC24BAAA29003C9E9E /* Status.m */ = {isa = PBXFileReference; lastKnownFileType = sourcecode.c.objc; path = Status.m; sourceTree = "<group>"; };
		68FA5CDE24BAB850003C9E9E /* StatusListViewModel.h */ = {isa = PBXFileReference; lastKnownFileType = sourcecode.c.h; path = StatusListViewModel.h; sourceTree = "<group>"; };
		68FA5CDF24BAB850003C9E9E /* StatusListViewModel.m */ = {isa = PBXFileReference; lastKnownFileType = sourcecode.c.objc; path = StatusListViewModel.m; sourceTree = "<group>"; };
		68FA5CE124BAC6CC003C9E9E /* User.h */ = {isa = PBXFileReference; lastKnownFileType = sourcecode.c.h; path = User.h; sourceTree = "<group>"; };
		68FA5CE224BAC6CC003C9E9E /* User.m */ = {isa = PBXFileReference; lastKnownFileType = sourcecode.c.objc; path = User.m; sourceTree = "<group>"; };
		68FA5CE424BACBD6003C9E9E /* StatusWeiboViewModel.h */ = {isa = PBXFileReference; lastKnownFileType = sourcecode.c.h; path = StatusWeiboViewModel.h; sourceTree = "<group>"; };
		68FA5CE524BACBD6003C9E9E /* StatusWeiboViewModel.m */ = {isa = PBXFileReference; lastKnownFileType = sourcecode.c.objc; path = StatusWeiboViewModel.m; sourceTree = "<group>"; };
		68FA5CE824BAD043003C9E9E /* StatusCell.h */ = {isa = PBXFileReference; lastKnownFileType = sourcecode.c.h; path = StatusCell.h; sourceTree = "<group>"; };
		68FA5CE924BAD043003C9E9E /* StatusCell.m */ = {isa = PBXFileReference; lastKnownFileType = sourcecode.c.objc; path = StatusCell.m; sourceTree = "<group>"; };
		68FA5CEB24BAD077003C9E9E /* StatusCellTopView.h */ = {isa = PBXFileReference; lastKnownFileType = sourcecode.c.h; path = StatusCellTopView.h; sourceTree = "<group>"; };
		68FA5CEC24BAD077003C9E9E /* StatusCellTopView.m */ = {isa = PBXFileReference; lastKnownFileType = sourcecode.c.objc; path = StatusCellTopView.m; sourceTree = "<group>"; };
		68FA5CEE24BAD093003C9E9E /* StatusCellBottomView.h */ = {isa = PBXFileReference; lastKnownFileType = sourcecode.c.h; path = StatusCellBottomView.h; sourceTree = "<group>"; };
		68FA5CEF24BAD093003C9E9E /* StatusCellBottomView.m */ = {isa = PBXFileReference; lastKnownFileType = sourcecode.c.objc; path = StatusCellBottomView.m; sourceTree = "<group>"; };
		68FFBB9924AD2E00004F1A75 /* weibo-oc.app */ = {isa = PBXFileReference; explicitFileType = wrapper.application; includeInIndex = 0; path = "weibo-oc.app"; sourceTree = BUILT_PRODUCTS_DIR; };
		68FFBB9C24AD2E00004F1A75 /* AppDelegate.h */ = {isa = PBXFileReference; lastKnownFileType = sourcecode.c.h; path = AppDelegate.h; sourceTree = "<group>"; };
		68FFBB9D24AD2E00004F1A75 /* AppDelegate.m */ = {isa = PBXFileReference; lastKnownFileType = sourcecode.c.objc; path = AppDelegate.m; sourceTree = "<group>"; };
		68FFBB9F24AD2E00004F1A75 /* SceneDelegate.h */ = {isa = PBXFileReference; lastKnownFileType = sourcecode.c.h; path = SceneDelegate.h; sourceTree = "<group>"; };
		68FFBBA024AD2E00004F1A75 /* SceneDelegate.m */ = {isa = PBXFileReference; lastKnownFileType = sourcecode.c.objc; path = SceneDelegate.m; sourceTree = "<group>"; };
		68FFBBA824AD2E04004F1A75 /* Assets.xcassets */ = {isa = PBXFileReference; lastKnownFileType = folder.assetcatalog; path = Assets.xcassets; sourceTree = "<group>"; };
		68FFBBAB24AD2E04004F1A75 /* Base */ = {isa = PBXFileReference; lastKnownFileType = file.storyboard; name = Base; path = Base.lproj/LaunchScreen.storyboard; sourceTree = "<group>"; };
		68FFBBAD24AD2E04004F1A75 /* Info.plist */ = {isa = PBXFileReference; lastKnownFileType = text.plist.xml; path = Info.plist; sourceTree = "<group>"; };
		68FFBBAE24AD2E04004F1A75 /* main.m */ = {isa = PBXFileReference; lastKnownFileType = sourcecode.c.objc; path = main.m; sourceTree = "<group>"; };
		68FFBBC124AD4A6B004F1A75 /* MainViewController.h */ = {isa = PBXFileReference; lastKnownFileType = sourcecode.c.h; path = MainViewController.h; sourceTree = "<group>"; };
		68FFBBC224AD4A6B004F1A75 /* MainViewController.m */ = {isa = PBXFileReference; lastKnownFileType = sourcecode.c.objc; path = MainViewController.m; sourceTree = "<group>"; };
		68FFBBC424AD4A8C004F1A75 /* ProfileTableViewController.h */ = {isa = PBXFileReference; lastKnownFileType = sourcecode.c.h; path = ProfileTableViewController.h; sourceTree = "<group>"; };
		68FFBBC524AD4A8C004F1A75 /* ProfileTableViewController.m */ = {isa = PBXFileReference; lastKnownFileType = sourcecode.c.objc; path = ProfileTableViewController.m; sourceTree = "<group>"; };
		68FFBBC724AD4ABC004F1A75 /* MessageTableViewController.h */ = {isa = PBXFileReference; lastKnownFileType = sourcecode.c.h; path = MessageTableViewController.h; sourceTree = "<group>"; };
		68FFBBC824AD4ABC004F1A75 /* MessageTableViewController.m */ = {isa = PBXFileReference; lastKnownFileType = sourcecode.c.objc; path = MessageTableViewController.m; sourceTree = "<group>"; };
		68FFBBCA24AD4ACF004F1A75 /* DiscoveryTableViewController.h */ = {isa = PBXFileReference; lastKnownFileType = sourcecode.c.h; path = DiscoveryTableViewController.h; sourceTree = "<group>"; };
		68FFBBCB24AD4ACF004F1A75 /* DiscoveryTableViewController.m */ = {isa = PBXFileReference; lastKnownFileType = sourcecode.c.objc; path = DiscoveryTableViewController.m; sourceTree = "<group>"; };
		68FFBBCD24AD4ADE004F1A75 /* HomeTableViewController.h */ = {isa = PBXFileReference; lastKnownFileType = sourcecode.c.h; path = HomeTableViewController.h; sourceTree = "<group>"; };
		68FFBBCE24AD4ADE004F1A75 /* HomeTableViewController.m */ = {isa = PBXFileReference; lastKnownFileType = sourcecode.c.objc; path = HomeTableViewController.m; sourceTree = "<group>"; };
		68FFBBD324AD4AFE004F1A75 /* ComposeTableViewController.h */ = {isa = PBXFileReference; lastKnownFileType = sourcecode.c.h; path = ComposeTableViewController.h; sourceTree = "<group>"; };
		68FFBBD424AD4AFE004F1A75 /* ComposeTableViewController.m */ = {isa = PBXFileReference; lastKnownFileType = sourcecode.c.objc; path = ComposeTableViewController.m; sourceTree = "<group>"; };
		68FFBBDA24AE8E9B004F1A75 /* UIButton+Convenience.h */ = {isa = PBXFileReference; lastKnownFileType = sourcecode.c.h; path = "UIButton+Convenience.h"; sourceTree = "<group>"; };
		68FFBBDB24AE8E9B004F1A75 /* UIButton+Convenience.m */ = {isa = PBXFileReference; lastKnownFileType = sourcecode.c.objc; path = "UIButton+Convenience.m"; sourceTree = "<group>"; };
		68FFBBDE24AE996D004F1A75 /* VisitorTableViewController.h */ = {isa = PBXFileReference; lastKnownFileType = sourcecode.c.h; path = VisitorTableViewController.h; sourceTree = "<group>"; };
		68FFBBDF24AE996D004F1A75 /* VisitorTableViewController.m */ = {isa = PBXFileReference; lastKnownFileType = sourcecode.c.objc; path = VisitorTableViewController.m; sourceTree = "<group>"; };
		68FFBBE124AE9D74004F1A75 /* VisitorView.h */ = {isa = PBXFileReference; lastKnownFileType = sourcecode.c.h; path = VisitorView.h; sourceTree = "<group>"; };
		68FFBBE224AE9D74004F1A75 /* VisitorView.m */ = {isa = PBXFileReference; lastKnownFileType = sourcecode.c.objc; path = VisitorView.m; sourceTree = "<group>"; };
		D913ED6AAAB54DC6683E43C2 /* Pods_weibo_oc.framework */ = {isa = PBXFileReference; explicitFileType = wrapper.framework; includeInIndex = 0; path = Pods_weibo_oc.framework; sourceTree = BUILT_PRODUCTS_DIR; };
/* End PBXFileReference section */

/* Begin PBXFrameworksBuildPhase section */
		68FFBB9624AD2E00004F1A75 /* Frameworks */ = {
			isa = PBXFrameworksBuildPhase;
			buildActionMask = 2147483647;
			files = (
				56072DDA52D425319741DFCF /* Pods_weibo_oc.framework in Frameworks */,
			);
			runOnlyForDeploymentPostprocessing = 0;
		};
/* End PBXFrameworksBuildPhase section */

/* Begin PBXGroup section */
		50AFDD3DAEF28F3632B8FA47 /* Frameworks */ = {
			isa = PBXGroup;
			children = (
				D913ED6AAAB54DC6683E43C2 /* Pods_weibo_oc.framework */,
			);
			name = Frameworks;
			sourceTree = "<group>";
		};
		68FA5CD424B74ACB003C9E9E /* NewFeature */ = {
			isa = PBXGroup;
			children = (
				68FA5CD524B74AEE003C9E9E /* NewFeatureViewController.h */,
				68FA5CD624B74AEE003C9E9E /* NewFeatureViewController.m */,
				68FA5CD824B7CCF1003C9E9E /* WelcomeViewController.h */,
				68FA5CD924B7CCF1003C9E9E /* WelcomeViewController.m */,
			);
			path = NewFeature;
			sourceTree = "<group>";
		};
		68FA5CE724BAD00E003C9E9E /* StatusCell */ = {
			isa = PBXGroup;
			children = (
				68FA5CE824BAD043003C9E9E /* StatusCell.h */,
				68FA5CE924BAD043003C9E9E /* StatusCell.m */,
				68FA5CEB24BAD077003C9E9E /* StatusCellTopView.h */,
				68FA5CEC24BAD077003C9E9E /* StatusCellTopView.m */,
				68FA5CEE24BAD093003C9E9E /* StatusCellBottomView.h */,
				68FA5CEF24BAD093003C9E9E /* StatusCellBottomView.m */,
			);
			path = StatusCell;
			sourceTree = "<group>";
		};
		68FFBB9024AD2E00004F1A75 = {
			isa = PBXGroup;
			children = (
				68FFBB9B24AD2E00004F1A75 /* weibo-oc */,
				68FFBB9A24AD2E00004F1A75 /* Products */,
				DEDAF621E081258BAF9C95A9 /* Pods */,
				50AFDD3DAEF28F3632B8FA47 /* Frameworks */,
			);
			sourceTree = "<group>";
		};
		68FFBB9A24AD2E00004F1A75 /* Products */ = {
			isa = PBXGroup;
			children = (
				68FFBB9924AD2E00004F1A75 /* weibo-oc.app */,
			);
			name = Products;
			sourceTree = "<group>";
		};
		68FFBB9B24AD2E00004F1A75 /* weibo-oc */ = {
			isa = PBXGroup;
			children = (
				68FFBBB524AD2E66004F1A75 /* Classes */,
				68FFBB9C24AD2E00004F1A75 /* AppDelegate.h */,
				68FFBB9D24AD2E00004F1A75 /* AppDelegate.m */,
				68FFBB9F24AD2E00004F1A75 /* SceneDelegate.h */,
				68FFBBA024AD2E00004F1A75 /* SceneDelegate.m */,
				68FFBBA824AD2E04004F1A75 /* Assets.xcassets */,
				68FFBBAA24AD2E04004F1A75 /* LaunchScreen.storyboard */,
				68FFBBAD24AD2E04004F1A75 /* Info.plist */,
				68FFBBAE24AD2E04004F1A75 /* main.m */,
			);
			path = "weibo-oc";
			sourceTree = "<group>";
		};
		68FFBBB524AD2E66004F1A75 /* Classes */ = {
			isa = PBXGroup;
			children = (
				68FFBBB924AD2EA4004F1A75 /* View */,
				68FFBBB824AD2E9C004F1A75 /* Tools */,
				68FFBBB724AD2E8E004F1A75 /* ViewModel */,
				68FFBBB624AD2E85004F1A75 /* Model */,
			);
			path = Classes;
			sourceTree = "<group>";
		};
		68FFBBB624AD2E85004F1A75 /* Model */ = {
			isa = PBXGroup;
			children = (
				68FA5C7924B16444003C9E9E /* UserAccount.h */,
				68FA5C7A24B16444003C9E9E /* UserAccount.m */,
				68FA5CDB24BAAA29003C9E9E /* Status.h */,
				68FA5CDC24BAAA29003C9E9E /* Status.m */,
				68FA5CE124BAC6CC003C9E9E /* User.h */,
				68FA5CE224BAC6CC003C9E9E /* User.m */,
			);
			path = Model;
			sourceTree = "<group>";
		};
		68FFBBB724AD2E8E004F1A75 /* ViewModel */ = {
			isa = PBXGroup;
			children = (
				68FA5C7624B161A2003C9E9E /* UserAccountViewModel.h */,
				68FA5C7724B161A2003C9E9E /* UserAccountViewModel.m */,
				68FA5CDE24BAB850003C9E9E /* StatusListViewModel.h */,
				68FA5CDF24BAB850003C9E9E /* StatusListViewModel.m */,
				68FA5CE424BACBD6003C9E9E /* StatusWeiboViewModel.h */,
				68FA5CE524BACBD6003C9E9E /* StatusWeiboViewModel.m */,
			);
			path = ViewModel;
			sourceTree = "<group>";
		};
		68FFBBB824AD2E9C004F1A75 /* Tools */ = {
			isa = PBXGroup;
			children = (
				68FFBBD624AE8D1C004F1A75 /* extension */,
				66547CF724B03C16002CD068 /* Common.pch */,
				6696AF4D24B04F3400163399 /* NetworkTools.h */,
				6696AF4E24B04F3400163399 /* NetworkTools.m */,
			);
			path = Tools;
			sourceTree = "<group>";
		};
		68FFBBB924AD2EA4004F1A75 /* View */ = {
			isa = PBXGroup;
			children = (
				68FFBBC024AD2F71004F1A75 /* Main */,
				68FFBBBF24AD2F67004F1A75 /* Profile */,
				68FFBBBE24AD2F5F004F1A75 /* Message */,
				68FFBBBD24AD2F54004F1A75 /* Discovery */,
				68FFBBBC24AD2F48004F1A75 /* Home */,
				68FFBBBB24AD2F34004F1A75 /* OAuth */,
				68FFBBBA24AD2F27004F1A75 /* Compose */,
			);
			path = View;
			sourceTree = "<group>";
		};
		68FFBBBA24AD2F27004F1A75 /* Compose */ = {
			isa = PBXGroup;
			children = (
				68FFBBD324AD4AFE004F1A75 /* ComposeTableViewController.h */,
				68FFBBD424AD4AFE004F1A75 /* ComposeTableViewController.m */,
			);
			path = Compose;
			sourceTree = "<group>";
		};
		68FFBBBB24AD2F34004F1A75 /* OAuth */ = {
			isa = PBXGroup;
			children = (
				6696AF5024B088F800163399 /* OAuthViewController.h */,
				6696AF5124B088F800163399 /* OAuthViewController.m */,
			);
			path = OAuth;
			sourceTree = "<group>";
		};
		68FFBBBC24AD2F48004F1A75 /* Home */ = {
			isa = PBXGroup;
			children = (
				68FA5CE724BAD00E003C9E9E /* StatusCell */,
				68FFBBCD24AD4ADE004F1A75 /* HomeTableViewController.h */,
				68FFBBCE24AD4ADE004F1A75 /* HomeTableViewController.m */,
			);
			path = Home;
			sourceTree = "<group>";
		};
		68FFBBBD24AD2F54004F1A75 /* Discovery */ = {
			isa = PBXGroup;
			children = (
				68FFBBCA24AD4ACF004F1A75 /* DiscoveryTableViewController.h */,
				68FFBBCB24AD4ACF004F1A75 /* DiscoveryTableViewController.m */,
			);
			path = Discovery;
			sourceTree = "<group>";
		};
		68FFBBBE24AD2F5F004F1A75 /* Message */ = {
			isa = PBXGroup;
			children = (
				68FFBBC724AD4ABC004F1A75 /* MessageTableViewController.h */,
				68FFBBC824AD4ABC004F1A75 /* MessageTableViewController.m */,
			);
			path = Message;
			sourceTree = "<group>";
		};
		68FFBBBF24AD2F67004F1A75 /* Profile */ = {
			isa = PBXGroup;
			children = (
				68FFBBC424AD4A8C004F1A75 /* ProfileTableViewController.h */,
				68FFBBC524AD4A8C004F1A75 /* ProfileTableViewController.m */,
			);
			path = Profile;
			sourceTree = "<group>";
		};
		68FFBBC024AD2F71004F1A75 /* Main */ = {
			isa = PBXGroup;
			children = (
				68FA5CD424B74ACB003C9E9E /* NewFeature */,
				68FFBBDD24AE9943004F1A75 /* Visitor */,
				68FFBBC124AD4A6B004F1A75 /* MainViewController.h */,
				68FFBBC224AD4A6B004F1A75 /* MainViewController.m */,
			);
			path = Main;
			sourceTree = "<group>";
		};
		68FFBBD624AE8D1C004F1A75 /* extension */ = {
			isa = PBXGroup;
			children = (
				68FFBBDA24AE8E9B004F1A75 /* UIButton+Convenience.h */,
				68FFBBDB24AE8E9B004F1A75 /* UIButton+Convenience.m */,
				66547CF124B02F28002CD068 /* UILabel+Convenience.h */,
				66547CF224B02F28002CD068 /* UILabel+Convenience.m */,
				66547CF424B030E3002CD068 /* UIImageView+Convenience.h */,
				66547CF524B030E3002CD068 /* UIImageView+Convenience.m */,
			);
			path = extension;
			sourceTree = "<group>";
		};
		68FFBBDD24AE9943004F1A75 /* Visitor */ = {
			isa = PBXGroup;
			children = (
				68FFBBDE24AE996D004F1A75 /* VisitorTableViewController.h */,
				68FFBBDF24AE996D004F1A75 /* VisitorTableViewController.m */,
				68FFBBE124AE9D74004F1A75 /* VisitorView.h */,
				68FFBBE224AE9D74004F1A75 /* VisitorView.m */,
			);
			path = Visitor;
			sourceTree = "<group>";
		};
		DEDAF621E081258BAF9C95A9 /* Pods */ = {
			isa = PBXGroup;
			children = (
				1FA0AC40A24629F13E227270 /* Pods-weibo-oc.debug.xcconfig */,
				2976E380D3E46BBE274AEFB7 /* Pods-weibo-oc.release.xcconfig */,
			);
			path = Pods;
			sourceTree = "<group>";
		};
/* End PBXGroup section */

/* Begin PBXNativeTarget section */
		68FFBB9824AD2E00004F1A75 /* weibo-oc */ = {
			isa = PBXNativeTarget;
			buildConfigurationList = 68FFBBB224AD2E04004F1A75 /* Build configuration list for PBXNativeTarget "weibo-oc" */;
			buildPhases = (
				CD89E2CEC02376C8F2EC4134 /* [CP] Check Pods Manifest.lock */,
				68FFBB9524AD2E00004F1A75 /* Sources */,
				68FFBB9624AD2E00004F1A75 /* Frameworks */,
				68FFBB9724AD2E00004F1A75 /* Resources */,
				D9469FC9C744CA2E03C79600 /* [CP] Embed Pods Frameworks */,
			);
			buildRules = (
			);
			dependencies = (
			);
			name = "weibo-oc";
			productName = "weibo-oc";
			productReference = 68FFBB9924AD2E00004F1A75 /* weibo-oc.app */;
			productType = "com.apple.product-type.application";
		};
/* End PBXNativeTarget section */

/* Begin PBXProject section */
		68FFBB9124AD2E00004F1A75 /* Project object */ = {
			isa = PBXProject;
			attributes = {
				LastUpgradeCheck = 1150;
				ORGANIZATIONNAME = bughh;
				TargetAttributes = {
					68FFBB9824AD2E00004F1A75 = {
						CreatedOnToolsVersion = 11.5;
					};
				};
			};
			buildConfigurationList = 68FFBB9424AD2E00004F1A75 /* Build configuration list for PBXProject "weibo-oc" */;
			compatibilityVersion = "Xcode 9.3";
			developmentRegion = en;
			hasScannedForEncodings = 0;
			knownRegions = (
				en,
				Base,
			);
			mainGroup = 68FFBB9024AD2E00004F1A75;
			productRefGroup = 68FFBB9A24AD2E00004F1A75 /* Products */;
			projectDirPath = "";
			projectRoot = "";
			targets = (
				68FFBB9824AD2E00004F1A75 /* weibo-oc */,
			);
		};
/* End PBXProject section */

/* Begin PBXResourcesBuildPhase section */
		68FFBB9724AD2E00004F1A75 /* Resources */ = {
			isa = PBXResourcesBuildPhase;
			buildActionMask = 2147483647;
			files = (
				68FFBBAC24AD2E04004F1A75 /* LaunchScreen.storyboard in Resources */,
				68FFBBA924AD2E04004F1A75 /* Assets.xcassets in Resources */,
			);
			runOnlyForDeploymentPostprocessing = 0;
		};
/* End PBXResourcesBuildPhase section */

/* Begin PBXShellScriptBuildPhase section */
		CD89E2CEC02376C8F2EC4134 /* [CP] Check Pods Manifest.lock */ = {
			isa = PBXShellScriptBuildPhase;
			buildActionMask = 2147483647;
			files = (
			);
			inputFileListPaths = (
			);
			inputPaths = (
				"${PODS_PODFILE_DIR_PATH}/Podfile.lock",
				"${PODS_ROOT}/Manifest.lock",
			);
			name = "[CP] Check Pods Manifest.lock";
			outputFileListPaths = (
			);
			outputPaths = (
				"$(DERIVED_FILE_DIR)/Pods-weibo-oc-checkManifestLockResult.txt",
			);
			runOnlyForDeploymentPostprocessing = 0;
			shellPath = /bin/sh;
			shellScript = "diff \"${PODS_PODFILE_DIR_PATH}/Podfile.lock\" \"${PODS_ROOT}/Manifest.lock\" > /dev/null\nif [ $? != 0 ] ; then\n    # print error to STDERR\n    echo \"error: The sandbox is not in sync with the Podfile.lock. Run 'pod install' or update your CocoaPods installation.\" >&2\n    exit 1\nfi\n# This output is used by Xcode 'outputs' to avoid re-running this script phase.\necho \"SUCCESS\" > \"${SCRIPT_OUTPUT_FILE_0}\"\n";
			showEnvVarsInLog = 0;
		};
		D9469FC9C744CA2E03C79600 /* [CP] Embed Pods Frameworks */ = {
			isa = PBXShellScriptBuildPhase;
			buildActionMask = 2147483647;
			files = (
			);
			inputFileListPaths = (
				"${PODS_ROOT}/Target Support Files/Pods-weibo-oc/Pods-weibo-oc-frameworks-${CONFIGURATION}-input-files.xcfilelist",
			);
			name = "[CP] Embed Pods Frameworks";
			outputFileListPaths = (
				"${PODS_ROOT}/Target Support Files/Pods-weibo-oc/Pods-weibo-oc-frameworks-${CONFIGURATION}-output-files.xcfilelist",
			);
			runOnlyForDeploymentPostprocessing = 0;
			shellPath = /bin/sh;
			shellScript = "\"${PODS_ROOT}/Target Support Files/Pods-weibo-oc/Pods-weibo-oc-frameworks.sh\"\n";
			showEnvVarsInLog = 0;
		};
/* End PBXShellScriptBuildPhase section */

/* Begin PBXSourcesBuildPhase section */
		68FFBB9524AD2E00004F1A75 /* Sources */ = {
			isa = PBXSourcesBuildPhase;
			buildActionMask = 2147483647;
			files = (
				6696AF5224B088F800163399 /* OAuthViewController.m in Sources */,
				68FFBBE324AE9D74004F1A75 /* VisitorView.m in Sources */,
				68FA5C7824B161A2003C9E9E /* UserAccountViewModel.m in Sources */,
				68FFBBCC24AD4ACF004F1A75 /* DiscoveryTableViewController.m in Sources */,
				68FFBBD524AD4AFE004F1A75 /* ComposeTableViewController.m in Sources */,
				68FA5CDA24B7CCF1003C9E9E /* WelcomeViewController.m in Sources */,
				68FA5CEA24BAD043003C9E9E /* StatusCell.m in Sources */,
				68FFBBC924AD4ABC004F1A75 /* MessageTableViewController.m in Sources */,
				68FA5CE624BACBD6003C9E9E /* StatusWeiboViewModel.m in Sources */,
				6696AF4F24B04F3400163399 /* NetworkTools.m in Sources */,
				68FFBB9E24AD2E00004F1A75 /* AppDelegate.m in Sources */,
				68FFBBDC24AE8E9B004F1A75 /* UIButton+Convenience.m in Sources */,
				68FFBBCF24AD4ADE004F1A75 /* HomeTableViewController.m in Sources */,
				68FFBBAF24AD2E04004F1A75 /* main.m in Sources */,
				68FA5CE324BAC6CC003C9E9E /* User.m in Sources */,
				68FFBBC624AD4A8C004F1A75 /* ProfileTableViewController.m in Sources */,
				68FA5CDD24BAAA29003C9E9E /* Status.m in Sources */,
				68FA5CE024BAB850003C9E9E /* StatusListViewModel.m in Sources */,
				68FA5CD724B74AEE003C9E9E /* NewFeatureViewController.m in Sources */,
				66547CF324B02F28002CD068 /* UILabel+Convenience.m in Sources */,
				68FFBBC324AD4A6B004F1A75 /* MainViewController.m in Sources */,
				66547CF624B030E3002CD068 /* UIImageView+Convenience.m in Sources */,
				68FA5CED24BAD077003C9E9E /* StatusCellTopView.m in Sources */,
				68FFBBE024AE996D004F1A75 /* VisitorTableViewController.m in Sources */,
				68FA5C7B24B16444003C9E9E /* UserAccount.m in Sources */,
				68FFBBA124AD2E00004F1A75 /* SceneDelegate.m in Sources */,
				68FA5CF024BAD093003C9E9E /* StatusCellBottomView.m in Sources */,
			);
			runOnlyForDeploymentPostprocessing = 0;
		};
/* End PBXSourcesBuildPhase section */

/* Begin PBXVariantGroup section */
		68FFBBAA24AD2E04004F1A75 /* LaunchScreen.storyboard */ = {
			isa = PBXVariantGroup;
			children = (
				68FFBBAB24AD2E04004F1A75 /* Base */,
			);
			name = LaunchScreen.storyboard;
			sourceTree = "<group>";
		};
/* End PBXVariantGroup section */

/* Begin XCBuildConfiguration section */
		68FFBBB024AD2E04004F1A75 /* Debug */ = {
			isa = XCBuildConfiguration;
			buildSettings = {
				ALWAYS_SEARCH_USER_PATHS = NO;
				CLANG_ANALYZER_NONNULL = YES;
				CLANG_ANALYZER_NUMBER_OBJECT_CONVERSION = YES_AGGRESSIVE;
				CLANG_CXX_LANGUAGE_STANDARD = "gnu++14";
				CLANG_CXX_LIBRARY = "libc++";
				CLANG_ENABLE_MODULES = YES;
				CLANG_ENABLE_OBJC_ARC = YES;
				CLANG_ENABLE_OBJC_WEAK = YES;
				CLANG_WARN_BLOCK_CAPTURE_AUTORELEASING = YES;
				CLANG_WARN_BOOL_CONVERSION = YES;
				CLANG_WARN_COMMA = YES;
				CLANG_WARN_CONSTANT_CONVERSION = YES;
				CLANG_WARN_DEPRECATED_OBJC_IMPLEMENTATIONS = YES;
				CLANG_WARN_DIRECT_OBJC_ISA_USAGE = YES_ERROR;
				CLANG_WARN_DOCUMENTATION_COMMENTS = YES;
				CLANG_WARN_EMPTY_BODY = YES;
				CLANG_WARN_ENUM_CONVERSION = YES;
				CLANG_WARN_INFINITE_RECURSION = YES;
				CLANG_WARN_INT_CONVERSION = YES;
				CLANG_WARN_NON_LITERAL_NULL_CONVERSION = YES;
				CLANG_WARN_OBJC_IMPLICIT_RETAIN_SELF = YES;
				CLANG_WARN_OBJC_LITERAL_CONVERSION = YES;
				CLANG_WARN_OBJC_ROOT_CLASS = YES_ERROR;
				CLANG_WARN_RANGE_LOOP_ANALYSIS = YES;
				CLANG_WARN_STRICT_PROTOTYPES = YES;
				CLANG_WARN_SUSPICIOUS_MOVE = YES;
				CLANG_WARN_UNGUARDED_AVAILABILITY = YES_AGGRESSIVE;
				CLANG_WARN_UNREACHABLE_CODE = YES;
				CLANG_WARN__DUPLICATE_METHOD_MATCH = YES;
				COPY_PHASE_STRIP = NO;
				DEBUG_INFORMATION_FORMAT = dwarf;
				ENABLE_STRICT_OBJC_MSGSEND = YES;
				ENABLE_TESTABILITY = YES;
				GCC_C_LANGUAGE_STANDARD = gnu11;
				GCC_DYNAMIC_NO_PIC = NO;
				GCC_NO_COMMON_BLOCKS = YES;
				GCC_OPTIMIZATION_LEVEL = 0;
				GCC_PREPROCESSOR_DEFINITIONS = (
					"DEBUG=1",
					"$(inherited)",
				);
				GCC_WARN_64_TO_32_BIT_CONVERSION = YES;
				GCC_WARN_ABOUT_RETURN_TYPE = YES_ERROR;
				GCC_WARN_UNDECLARED_SELECTOR = YES;
				GCC_WARN_UNINITIALIZED_AUTOS = YES_AGGRESSIVE;
				GCC_WARN_UNUSED_FUNCTION = YES;
				GCC_WARN_UNUSED_VARIABLE = YES;
				IPHONEOS_DEPLOYMENT_TARGET = 13.5;
				MTL_ENABLE_DEBUG_INFO = INCLUDE_SOURCE;
				MTL_FAST_MATH = YES;
				ONLY_ACTIVE_ARCH = YES;
				SDKROOT = iphoneos;
			};
			name = Debug;
		};
		68FFBBB124AD2E04004F1A75 /* Release */ = {
			isa = XCBuildConfiguration;
			buildSettings = {
				ALWAYS_SEARCH_USER_PATHS = NO;
				CLANG_ANALYZER_NONNULL = YES;
				CLANG_ANALYZER_NUMBER_OBJECT_CONVERSION = YES_AGGRESSIVE;
				CLANG_CXX_LANGUAGE_STANDARD = "gnu++14";
				CLANG_CXX_LIBRARY = "libc++";
				CLANG_ENABLE_MODULES = YES;
				CLANG_ENABLE_OBJC_ARC = YES;
				CLANG_ENABLE_OBJC_WEAK = YES;
				CLANG_WARN_BLOCK_CAPTURE_AUTORELEASING = YES;
				CLANG_WARN_BOOL_CONVERSION = YES;
				CLANG_WARN_COMMA = YES;
				CLANG_WARN_CONSTANT_CONVERSION = YES;
				CLANG_WARN_DEPRECATED_OBJC_IMPLEMENTATIONS = YES;
				CLANG_WARN_DIRECT_OBJC_ISA_USAGE = YES_ERROR;
				CLANG_WARN_DOCUMENTATION_COMMENTS = YES;
				CLANG_WARN_EMPTY_BODY = YES;
				CLANG_WARN_ENUM_CONVERSION = YES;
				CLANG_WARN_INFINITE_RECURSION = YES;
				CLANG_WARN_INT_CONVERSION = YES;
				CLANG_WARN_NON_LITERAL_NULL_CONVERSION = YES;
				CLANG_WARN_OBJC_IMPLICIT_RETAIN_SELF = YES;
				CLANG_WARN_OBJC_LITERAL_CONVERSION = YES;
				CLANG_WARN_OBJC_ROOT_CLASS = YES_ERROR;
				CLANG_WARN_RANGE_LOOP_ANALYSIS = YES;
				CLANG_WARN_STRICT_PROTOTYPES = YES;
				CLANG_WARN_SUSPICIOUS_MOVE = YES;
				CLANG_WARN_UNGUARDED_AVAILABILITY = YES_AGGRESSIVE;
				CLANG_WARN_UNREACHABLE_CODE = YES;
				CLANG_WARN__DUPLICATE_METHOD_MATCH = YES;
				COPY_PHASE_STRIP = NO;
				DEBUG_INFORMATION_FORMAT = "dwarf-with-dsym";
				ENABLE_NS_ASSERTIONS = NO;
				ENABLE_STRICT_OBJC_MSGSEND = YES;
				GCC_C_LANGUAGE_STANDARD = gnu11;
				GCC_NO_COMMON_BLOCKS = YES;
				GCC_WARN_64_TO_32_BIT_CONVERSION = YES;
				GCC_WARN_ABOUT_RETURN_TYPE = YES_ERROR;
				GCC_WARN_UNDECLARED_SELECTOR = YES;
				GCC_WARN_UNINITIALIZED_AUTOS = YES_AGGRESSIVE;
				GCC_WARN_UNUSED_FUNCTION = YES;
				GCC_WARN_UNUSED_VARIABLE = YES;
				IPHONEOS_DEPLOYMENT_TARGET = 13.5;
				MTL_ENABLE_DEBUG_INFO = NO;
				MTL_FAST_MATH = YES;
				SDKROOT = iphoneos;
				VALIDATE_PRODUCT = YES;
			};
			name = Release;
		};
		68FFBBB324AD2E04004F1A75 /* Debug */ = {
			isa = XCBuildConfiguration;
			baseConfigurationReference = 1FA0AC40A24629F13E227270 /* Pods-weibo-oc.debug.xcconfig */;
			buildSettings = {
				ASSETCATALOG_COMPILER_APPICON_NAME = AppIcon;
				CODE_SIGN_STYLE = Automatic;
				GCC_PRECOMPILE_PREFIX_HEADER = YES;
				GCC_PREFIX_HEADER = "$SRCROOT/weibo-oc/Classes/Tools/Common.pch";
				INFOPLIST_FILE = "weibo-oc/Info.plist";
				IPHONEOS_DEPLOYMENT_TARGET = 11.0;
				LD_RUNPATH_SEARCH_PATHS = (
					"$(inherited)",
					"@executable_path/Frameworks",
				);
				MARKETING_VERSION = 1.1;
				PRODUCT_BUNDLE_IDENTIFIER = "com.bughh.weibo-oc";
				PRODUCT_NAME = "$(TARGET_NAME)";
				TARGETED_DEVICE_FAMILY = 1;
			};
			name = Debug;
		};
		68FFBBB424AD2E04004F1A75 /* Release */ = {
			isa = XCBuildConfiguration;
			baseConfigurationReference = 2976E380D3E46BBE274AEFB7 /* Pods-weibo-oc.release.xcconfig */;
			buildSettings = {
				ASSETCATALOG_COMPILER_APPICON_NAME = AppIcon;
				CODE_SIGN_STYLE = Automatic;
				GCC_PRECOMPILE_PREFIX_HEADER = YES;
				GCC_PREFIX_HEADER = "$SRCROOT/weibo-oc/Classes/Tools/Common.pch";
				INFOPLIST_FILE = "weibo-oc/Info.plist";
				IPHONEOS_DEPLOYMENT_TARGET = 11.0;
				LD_RUNPATH_SEARCH_PATHS = (
					"$(inherited)",
					"@executable_path/Frameworks",
				);
				MARKETING_VERSION = 1.1;
				PRODUCT_BUNDLE_IDENTIFIER = "com.bughh.weibo-oc";
				PRODUCT_NAME = "$(TARGET_NAME)";
				TARGETED_DEVICE_FAMILY = 1;
			};
			name = Release;
		};
/* End XCBuildConfiguration section */

/* Begin XCConfigurationList section */
		68FFBB9424AD2E00004F1A75 /* Build configuration list for PBXProject "weibo-oc" */ = {
			isa = XCConfigurationList;
			buildConfigurations = (
				68FFBBB024AD2E04004F1A75 /* Debug */,
				68FFBBB124AD2E04004F1A75 /* Release */,
			);
			defaultConfigurationIsVisible = 0;
			defaultConfigurationName = Release;
		};
		68FFBBB224AD2E04004F1A75 /* Build configuration list for PBXNativeTarget "weibo-oc" */ = {
			isa = XCConfigurationList;
			buildConfigurations = (
				68FFBBB324AD2E04004F1A75 /* Debug */,
				68FFBBB424AD2E04004F1A75 /* Release */,
			);
			defaultConfigurationIsVisible = 0;
			defaultConfigurationName = Release;
		};
/* End XCConfigurationList section */
	};
	rootObject = 68FFBB9124AD2E00004F1A75 /* Project object */;
}
